
Microsoft Visual Studio Solution File, Format Version 12.00
# Visual Studio Version 17
VisualStudioVersion = 17.3.32922.545
MinimumVisualStudioVersion = 10.0.40219.1
Project("{9A19103F-16F7-4668-BE54-9A1E7A4F7556}") = "ConsoleApp", "ConsoleApp\ConsoleApp.csproj", "{7106F24D-0CF4-4B21-9135-38B54F67C5E7}"
EndProject
Project("{2150E333-8FDC-42A3-9474-1A3956D46DE8}") = "Solution Items", "Solution Items", "{5D90F3A4-887C-4625-915E-388D279D1CA1}"
	ProjectSection(SolutionItems) = preProject
		.editorconfig = .editorconfig
		Directory.Build.props = Directory.Build.props
	EndProjectSection
EndProject
Project("{9A19103F-16F7-4668-BE54-9A1E7A4F7556}") = "ShapeLibrary", "ShapeLibrary\ShapeLibrary.csproj", "{82135F82-7C3A-4DF2-85EF-1186072F0861}"
EndProject
Project("{FAE04EC0-301F-11D3-BF4B-00C04F79EFBC}") = "ShapeLibraryTests", "ShapeLibraryTests\ShapeLibraryTests.csproj", "{04317402-94A2-40B6-BBA1-B3E165A81CB5}"
EndProject
Global
	GlobalSection(SolutionConfigurationPlatforms) = preSolution
		Debug|Any CPU = Debug|Any CPU
		Release|Any CPU = Release|Any CPU
	EndGlobalSection
	GlobalSection(ProjectConfigurationPlatforms) = postSolution
		{7106F24D-0CF4-4B21-9135-38B54F67C5E7}.Debug|Any CPU.ActiveCfg = Debug|Any CPU
		{7106F24D-0CF4-4B21-9135-38B54F67C5E7}.Debug|Any CPU.Build.0 = Debug|Any CPU
		{7106F24D-0CF4-4B21-9135-38B54F67C5E7}.Release|Any CPU.ActiveCfg = Release|Any CPU
		{7106F24D-0CF4-4B21-9135-38B54F67C5E7}.Release|Any CPU.Build.0 = Release|Any CPU
		{82135F82-7C3A-4DF2-85EF-1186072F0861}.Debug|Any CPU.ActiveCfg = Debug|Any CPU
		{82135F82-7C3A-4DF2-85EF-1186072F0861}.Debug|Any CPU.Build.0 = Debug|Any CPU
		{82135F82-7C3A-4DF2-85EF-1186072F0861}.Release|Any CPU.ActiveCfg = Release|Any CPU
		{82135F82-7C3A-4DF2-85EF-1186072F0861}.Release|Any CPU.Build.0 = Release|Any CPU
		{04317402-94A2-40B6-BBA1-B3E165A81CB5}.Debug|Any CPU.ActiveCfg = Debug|Any CPU
		{04317402-94A2-40B6-BBA1-B3E165A81CB5}.Debug|Any CPU.Build.0 = Debug|Any CPU
		{04317402-94A2-40B6-BBA1-B3E165A81CB5}.Release|Any CPU.ActiveCfg = Release|Any CPU
		{04317402-94A2-40B6-BBA1-B3E165A81CB5}.Release|Any CPU.Build.0 = Release|Any CPU
	EndGlobalSection
	GlobalSection(SolutionProperties) = preSolution
		HideSolutionNode = FALSE
	EndGlobalSection
	GlobalSection(ExtensibilityGlobals) = postSolution
		SolutionGuid = {D6D67A7C-8ACF-4132-B737-B92562DF9082}
	EndGlobalSection
EndGlobal
